
Microsoft Visual Studio Solution File, Format Version 12.00
# Visual Studio 2013
VisualStudioVersion = 12.0.40629.0
MinimumVisualStudioVersion = 10.0.40219.1
Project("{FAE04EC0-301F-11D3-BF4B-00C04F79EFBC}") = "TallerMecanicoPreparacionIntecap", "TallerMecanicoPreparacionIntecap\TallerMecanicoPreparacionIntecap.csproj", "{E96FEF26-DA96-4559-8E34-A77FEFC47904}"
EndProject
Project("{FAE04EC0-301F-11D3-BF4B-00C04F79EFBC}") = "DAL", "DAL\DAL.csproj", "{3D891C1E-892D-46B3-BC6E-27D0803EACB6}"
EndProject
Project("{FAE04EC0-301F-11D3-BF4B-00C04F79EFBC}") = "BLL", "BLL\BLL.csproj", "{8A60A2E9-299E-4275-B903-261E1B669783}"
EndProject
Global
	GlobalSection(SolutionConfigurationPlatforms) = preSolution
		Debug|Any CPU = Debug|Any CPU
		Release|Any CPU = Release|Any CPU
	EndGlobalSection
	GlobalSection(ProjectConfigurationPlatforms) = postSolution
		{E96FEF26-DA96-4559-8E34-A77FEFC47904}.Debug|Any CPU.ActiveCfg = Debug|Any CPU
		{E96FEF26-DA96-4559-8E34-A77FEFC47904}.Debug|Any CPU.Build.0 = Debug|Any CPU
		{E96FEF26-DA96-4559-8E34-A77FEFC47904}.Release|Any CPU.ActiveCfg = Release|Any CPU
		{E96FEF26-DA96-4559-8E34-A77FEFC47904}.Release|Any CPU.Build.0 = Release|Any CPU
		{3D891C1E-892D-46B3-BC6E-27D0803EACB6}.Debug|Any CPU.ActiveCfg = Debug|Any CPU
		{3D891C1E-892D-46B3-BC6E-27D0803EACB6}.Debug|Any CPU.Build.0 = Debug|Any CPU
		{3D891C1E-892D-46B3-BC6E-27D0803EACB6}.Release|Any CPU.ActiveCfg = Release|Any CPU
		{3D891C1E-892D-46B3-BC6E-27D0803EACB6}.Release|Any CPU.Build.0 = Release|Any CPU
		{8A60A2E9-299E-4275-B903-261E1B669783}.Debug|Any CPU.ActiveCfg = Debug|Any CPU
		{8A60A2E9-299E-4275-B903-261E1B669783}.Debug|Any CPU.Build.0 = Debug|Any CPU
		{8A60A2E9-299E-4275-B903-261E1B669783}.Release|Any CPU.ActiveCfg = Release|Any CPU
		{8A60A2E9-299E-4275-B903-261E1B669783}.Release|Any CPU.Build.0 = Release|Any CPU
	EndGlobalSection
	GlobalSection(SolutionProperties) = preSolution
		HideSolutionNode = FALSE
	EndGlobalSection
EndGlobal
